{
  "name": "passport-line",
  "version": "0.0.2",
  "lockfileVersion": 1,
  "requires": true,
  "dependencies": {
    "oauth": {
      "version": "0.9.15",
      "resolved": "https://registry.npmjs.org/oauth/-/oauth-0.9.15.tgz",
      "integrity": "sha1-vR/vr2hslrdUda7VGWQS/2DPucE="
    },
    "passport-oauth2": {
      "version": "1.4.0",
      "resolved": "https://registry.npmjs.org/passport-oauth2/-/passport-oauth2-1.4.0.tgz",
      "integrity": "sha1-9i+BWDy+EmCb585vFguTlaJ7hq0=",
      "requires": {
        "oauth": "0.9.15",
        "passport-strategy": "1.0.0",
        "uid2": "0.0.3",
        "utils-merge": "1.0.1"
      }
    },
    "passport-strategy": {
      "version": "1.0.0",
      "resolved": "https://registry.npmjs.org/passport-strategy/-/passport-strategy-1.0.0.tgz",
      "integrity": "sha1-tVOaqPwiWj0a0XlHbd8ja0QPUuQ="
    },
    "uid2": {
      "version": "0.0.3",
      "resolved": "https://registry.npmjs.org/uid2/-/uid2-0.0.3.tgz",
      "integrity": "sha1-SDEm4Rd03y9xuLY53NeZw3YWK4I="
    },
    "utils-merge": {
      "version": "1.0.1",
      "resolved": "https://registry.npmjs.org/utils-merge/-/utils-merge-1.0.1.tgz",
      "integrity": "sha1-n5VxD1CiZ5R7LMwSR0HBAoQn5xM="
    },
    "vows": {
      "version": "0.8.1",
      "resolved": "https://registry.npmjs.org/vows/-/vows-0.8.1.tgz",
      "integrity": "sha1-4J6YjOWUygWgjXKrzKNOiNtVkTE=",
      "dev": true,
      "requires": {
        "diff": "1.0.8",
        "eyes": "0.1.8",
        "glob": "4.0.6"
      },
      "dependencies": {
        "diff": {
          "version": "1.0.8",
          "resolved": "https://registry.npmjs.org/diff/-/diff-1.0.8.tgz",
          "integrity": "sha1-NDJ2MI7Jkbe8giZ+1VvBQR+XFmY=",
          "dev": true
        },
        "eyes": {
          "version": "0.1.8",
          "resolved": "https://registry.npmjs.org/eyes/-/eyes-0.1.8.tgz",
          "integrity": "sha1-Ys8SAjTGg3hdkCNIqADvPgzCC8A=",
          "dev": true
        },
        "glob": {
          "version": "4.0.6",
          "resolved": "https://registry.npmjs.org/glob/-/glob-4.0.6.tgz",
          "integrity": "sha1-aVxQvdTi+1xdNwsJHziNNwfikac=",
          "dev": true,
          "requires": {
            "graceful-fs": "3.0.8",
            "inherits": "2.0.1",
            "minimatch": "1.0.0",
            "once": "1.3.3"
          },
          "dependencies": {
            "graceful-fs": {
              "version": "3.0.8",
              "resolved": "https://registry.npmjs.org/graceful-fs/-/graceful-fs-3.0.8.tgz",
              "integrity": "sha1-zoE+cl+oL35hR9UcmlymgnBVHCI=",
              "dev": true
            },
            "inherits": {
              "version": "2.0.1",
              "resolved": "https://registry.npmjs.org/inherits/-/inherits-2.0.1.tgz",
              "integrity": "sha1-sX0I0ya0Qj5Wjv9xn5GwscvfafE=",
              "dev": true
            },
            "minimatch": {
              "version": "1.0.0",
              "resolved": "https://registry.npmjs.org/minimatch/-/minimatch-1.0.0.tgz",
              "integrity": "sha1-4N0hILSeG3JM6NcUxSCCKpQ4V20=",
              "dev": true,
              "requires": {
                "lru-cache": "2.7.3",
                "sigmund": "1.0.1"
              },
              "dependencies": {
                "lru-cache": {
                  "version": "2.7.3",
                  "resolved": "https://registry.npmjs.org/lru-cache/-/lru-cache-2.7.3.tgz",
                  "integrity": "sha1-bUUk6LlV+V1PW1iFHOId1y+06VI=",
                  "dev": true
                },
                "sigmund": {
                  "version": "1.0.1",
                  "resolved": "https://registry.npmjs.org/sigmund/-/sigmund-1.0.1.tgz",
                  "integrity": "sha1-P/IfGYytIXX587eBhT/ZTQ0ZtZA=",
                  "dev": true
                }
              }
            },
            "once": {
              "version": "1.3.3",
              "resolved": "https://registry.npmjs.org/once/-/once-1.3.3.tgz",
              "integrity": "sha1-suJhVXzkwxTsgwTz+oJmPkKXyiA=",
              "dev": true,
              "requires": {
                "wrappy": "1.0.1"
              },
              "dependencies": {
                "wrappy": {
                  "version": "1.0.1",
                  "resolved": "https://registry.npmjs.org/wrappy/-/wrappy-1.0.1.tgz",
                  "integrity": "sha1-HmWWmWXMvC20VIxrhKbyxa7dRzk=",
                  "dev": true
                }
              }
            }
          }
        }
      }
    }
  }
}
